
Microsoft Visual Studio Solution File, Format Version 12.00
# Visual Studio Version 16
VisualStudioVersion = 16.0.30413.136
MinimumVisualStudioVersion = 10.0.40219.1
Project("{FAE04EC0-301F-11D3-BF4B-00C04F79EFBC}") = "WebApi", "WebApi.csproj", "{90A27681-E5F4-462D-9212-42AA7BD520EE}"
EndProject
Global
	GlobalSection(SolutionConfigurationPlatforms) = preSolution
		Debug|Any CPU = Debug|Any CPU
		Release|Any CPU = Release|Any CPU
	EndGlobalSection
	GlobalSection(ProjectConfigurationPlatforms) = postSolution
		{90A27681-E5F4-462D-9212-42AA7BD520EE}.Debug|Any CPU.ActiveCfg = Debug|Any CPU
		{90A27681-E5F4-462D-9212-42AA7BD520EE}.Debug|Any CPU.Build.0 = Debug|Any CPU
		{90A27681-E5F4-462D-9212-42AA7BD520EE}.Release|Any CPU.ActiveCfg = Release|Any CPU
		{90A27681-E5F4-462D-9212-42AA7BD520EE}.Release|Any CPU.Build.0 = Release|Any CPU
	EndGlobalSection
	GlobalSection(SolutionProperties) = preSolution
		HideSolutionNode = FALSE
	EndGlobalSection
	GlobalSection(ExtensibilityGlobals) = postSolution
		SolutionGuid = {7F55DD30-5E0F-4790-BF1E-D4700E78F0A9}
	EndGlobalSection
EndGlobal
